
Microsoft Visual Studio Solution File, Format Version 12.00
# Visual Studio 14
VisualStudioVersion = 14.0.25123.0
MinimumVisualStudioVersion = 10.0.40219.1
Project("{FAE04EC0-301F-11D3-BF4B-00C04F79EFBC}") = "OpenTabReminder.Droid", "OpenTabReminder\OpenTabReminder.Droid\OpenTabReminder.Droid.csproj", "{9D8B0B0F-C0EC-4E5C-82FE-680261197F52}"
EndProject
Project("{FAE04EC0-301F-11D3-BF4B-00C04F79EFBC}") = "OpenTabReminder.iOS", "OpenTabReminder\OpenTabReminder.iOS\OpenTabReminder.iOS.csproj", "{442DE8EC-D4D3-4209-B366-D972A242E22C}"
EndProject
Project("{FAE04EC0-301F-11D3-BF4B-00C04F79EFBC}") = "OpenTabReminder", "OpenTabReminder\OpenTabReminder\OpenTabReminder.csproj", "{190303F2-1D57-482A-B42E-B1A737872487}"
EndProject
Global
	GlobalSection(SolutionConfigurationPlatforms) = preSolution
		Ad-Hoc|Any CPU = Ad-Hoc|Any CPU
		Ad-Hoc|iPhone = Ad-Hoc|iPhone
		Ad-Hoc|iPhoneSimulator = Ad-Hoc|iPhoneSimulator
		AppStore|Any CPU = AppStore|Any CPU
		AppStore|iPhone = AppStore|iPhone
		AppStore|iPhoneSimulator = AppStore|iPhoneSimulator
		Debug|Any CPU = Debug|Any CPU
		Debug|iPhone = Debug|iPhone
		Debug|iPhoneSimulator = Debug|iPhoneSimulator
		Release|Any CPU = Release|Any CPU
		Release|iPhone = Release|iPhone
		Release|iPhoneSimulator = Release|iPhoneSimulator
	EndGlobalSection
	GlobalSection(ProjectConfigurationPlatforms) = postSolution
		{9D8B0B0F-C0EC-4E5C-82FE-680261197F52}.Ad-Hoc|Any CPU.ActiveCfg = Release|Any CPU
		{9D8B0B0F-C0EC-4E5C-82FE-680261197F52}.Ad-Hoc|Any CPU.Build.0 = Release|Any CPU
		{9D8B0B0F-C0EC-4E5C-82FE-680261197F52}.Ad-Hoc|Any CPU.Deploy.0 = Release|Any CPU
		{9D8B0B0F-C0EC-4E5C-82FE-680261197F52}.Ad-Hoc|iPhone.ActiveCfg = Release|Any CPU
		{9D8B0B0F-C0EC-4E5C-82FE-680261197F52}.Ad-Hoc|iPhone.Build.0 = Release|Any CPU
		{9D8B0B0F-C0EC-4E5C-82FE-680261197F52}.Ad-Hoc|iPhone.Deploy.0 = Release|Any CPU
		{9D8B0B0F-C0EC-4E5C-82FE-680261197F52}.Ad-Hoc|iPhoneSimulator.ActiveCfg = Release|Any CPU
		{9D8B0B0F-C0EC-4E5C-82FE-680261197F52}.Ad-Hoc|iPhoneSimulator.Build.0 = Release|Any CPU
		{9D8B0B0F-C0EC-4E5C-82FE-680261197F52}.Ad-Hoc|iPhoneSimulator.Deploy.0 = Release|Any CPU
		{9D8B0B0F-C0EC-4E5C-82FE-680261197F52}.AppStore|Any CPU.ActiveCfg = Release|Any CPU
		{9D8B0B0F-C0EC-4E5C-82FE-680261197F52}.AppStore|Any CPU.Build.0 = Release|Any CPU
		{9D8B0B0F-C0EC-4E5C-82FE-680261197F52}.AppStore|Any CPU.Deploy.0 = Release|Any CPU
		{9D8B0B0F-C0EC-4E5C-82FE-680261197F52}.AppStore|iPhone.ActiveCfg = Release|Any CPU
		{9D8B0B0F-C0EC-4E5C-82FE-680261197F52}.AppStore|iPhone.Build.0 = Release|Any CPU
		{9D8B0B0F-C0EC-4E5C-82FE-680261197F52}.AppStore|iPhone.Deploy.0 = Release|Any CPU
		{9D8B0B0F-C0EC-4E5C-82FE-680261197F52}.AppStore|iPhoneSimulator.ActiveCfg = Release|Any CPU
		{9D8B0B0F-C0EC-4E5C-82FE-680261197F52}.AppStore|iPhoneSimulator.Build.0 = Release|Any CPU
		{9D8B0B0F-C0EC-4E5C-82FE-680261197F52}.AppStore|iPhoneSimulator.Deploy.0 = Release|Any CPU
		{9D8B0B0F-C0EC-4E5C-82FE-680261197F52}.Debug|Any CPU.ActiveCfg = Debug|Any CPU
		{9D8B0B0F-C0EC-4E5C-82FE-680261197F52}.Debug|Any CPU.Build.0 = Debug|Any CPU
		{9D8B0B0F-C0EC-4E5C-82FE-680261197F52}.Debug|Any CPU.Deploy.0 = Debug|Any CPU
		{9D8B0B0F-C0EC-4E5C-82FE-680261197F52}.Debug|iPhone.ActiveCfg = Debug|Any CPU
		{9D8B0B0F-C0EC-4E5C-82FE-680261197F52}.Debug|iPhone.Build.0 = Debug|Any CPU
		{9D8B0B0F-C0EC-4E5C-82FE-680261197F52}.Debug|iPhone.Deploy.0 = Debug|Any CPU
		{9D8B0B0F-C0EC-4E5C-82FE-680261197F52}.Debug|iPhoneSimulator.ActiveCfg = Debug|Any CPU
		{9D8B0B0F-C0EC-4E5C-82FE-680261197F52}.Debug|iPhoneSimulator.Build.0 = Debug|Any CPU
		{9D8B0B0F-C0EC-4E5C-82FE-680261197F52}.Debug|iPhoneSimulator.Deploy.0 = Debug|Any CPU
		{9D8B0B0F-C0EC-4E5C-82FE-680261197F52}.Release|Any CPU.ActiveCfg = Release|Any CPU
		{9D8B0B0F-C0EC-4E5C-82FE-680261197F52}.Release|Any CPU.Build.0 = Release|Any CPU
		{9D8B0B0F-C0EC-4E5C-82FE-680261197F52}.Release|Any CPU.Deploy.0 = Release|Any CPU
		{9D8B0B0F-C0EC-4E5C-82FE-680261197F52}.Release|iPhone.ActiveCfg = Release|Any CPU
		{9D8B0B0F-C0EC-4E5C-82FE-680261197F52}.Release|iPhone.Build.0 = Release|Any CPU
		{9D8B0B0F-C0EC-4E5C-82FE-680261197F52}.Release|iPhone.Deploy.0 = Release|Any CPU
		{9D8B0B0F-C0EC-4E5C-82FE-680261197F52}.Release|iPhoneSimulator.ActiveCfg = Release|Any CPU
		{9D8B0B0F-C0EC-4E5C-82FE-680261197F52}.Release|iPhoneSimulator.Build.0 = Release|Any CPU
		{9D8B0B0F-C0EC-4E5C-82FE-680261197F52}.Release|iPhoneSimulator.Deploy.0 = Release|Any CPU
		{442DE8EC-D4D3-4209-B366-D972A242E22C}.Ad-Hoc|Any CPU.ActiveCfg = Ad-Hoc|iPhone
		{442DE8EC-D4D3-4209-B366-D972A242E22C}.Ad-Hoc|iPhone.ActiveCfg = Ad-Hoc|iPhone
		{442DE8EC-D4D3-4209-B366-D972A242E22C}.Ad-Hoc|iPhone.Build.0 = Ad-Hoc|iPhone
		{442DE8EC-D4D3-4209-B366-D972A242E22C}.Ad-Hoc|iPhoneSimulator.ActiveCfg = Ad-Hoc|iPhoneSimulator
		{442DE8EC-D4D3-4209-B366-D972A242E22C}.Ad-Hoc|iPhoneSimulator.Build.0 = Ad-Hoc|iPhoneSimulator
		{442DE8EC-D4D3-4209-B366-D972A242E22C}.AppStore|Any CPU.ActiveCfg = AppStore|iPhone
		{442DE8EC-D4D3-4209-B366-D972A242E22C}.AppStore|iPhone.ActiveCfg = AppStore|iPhone
		{442DE8EC-D4D3-4209-B366-D972A242E22C}.AppStore|iPhone.Build.0 = AppStore|iPhone
		{442DE8EC-D4D3-4209-B366-D972A242E22C}.AppStore|iPhoneSimulator.ActiveCfg = AppStore|iPhoneSimulator
		{442DE8EC-D4D3-4209-B366-D972A242E22C}.AppStore|iPhoneSimulator.Build.0 = AppStore|iPhoneSimulator
		{442DE8EC-D4D3-4209-B366-D972A242E22C}.Debug|Any CPU.ActiveCfg = Debug|iPhone
		{442DE8EC-D4D3-4209-B366-D972A242E22C}.Debug|iPhone.ActiveCfg = Debug|iPhone
		{442DE8EC-D4D3-4209-B366-D972A242E22C}.Debug|iPhone.Build.0 = Debug|iPhone
		{442DE8EC-D4D3-4209-B366-D972A242E22C}.Debug|iPhoneSimulator.ActiveCfg = Debug|iPhoneSimulator
		{442DE8EC-D4D3-4209-B366-D972A242E22C}.Debug|iPhoneSimulator.Build.0 = Debug|iPhoneSimulator
		{442DE8EC-D4D3-4209-B366-D972A242E22C}.Release|Any CPU.ActiveCfg = Release|iPhone
		{442DE8EC-D4D3-4209-B366-D972A242E22C}.Release|iPhone.ActiveCfg = Release|iPhone
		{442DE8EC-D4D3-4209-B366-D972A242E22C}.Release|iPhone.Build.0 = Release|iPhone
		{442DE8EC-D4D3-4209-B366-D972A242E22C}.Release|iPhoneSimulator.ActiveCfg = Release|iPhoneSimulator
		{442DE8EC-D4D3-4209-B366-D972A242E22C}.Release|iPhoneSimulator.Build.0 = Release|iPhoneSimulator
		{190303F2-1D57-482A-B42E-B1A737872487}.Ad-Hoc|Any CPU.ActiveCfg = Release|Any CPU
		{190303F2-1D57-482A-B42E-B1A737872487}.Ad-Hoc|Any CPU.Build.0 = Release|Any CPU
		{190303F2-1D57-482A-B42E-B1A737872487}.Ad-Hoc|iPhone.ActiveCfg = Release|Any CPU
		{190303F2-1D57-482A-B42E-B1A737872487}.Ad-Hoc|iPhone.Build.0 = Release|Any CPU
		{190303F2-1D57-482A-B42E-B1A737872487}.Ad-Hoc|iPhoneSimulator.ActiveCfg = Release|Any CPU
		{190303F2-1D57-482A-B42E-B1A737872487}.Ad-Hoc|iPhoneSimulator.Build.0 = Release|Any CPU
		{190303F2-1D57-482A-B42E-B1A737872487}.AppStore|Any CPU.ActiveCfg = Release|Any CPU
		{190303F2-1D57-482A-B42E-B1A737872487}.AppStore|Any CPU.Build.0 = Release|Any CPU
		{190303F2-1D57-482A-B42E-B1A737872487}.AppStore|iPhone.ActiveCfg = Release|Any CPU
		{190303F2-1D57-482A-B42E-B1A737872487}.AppStore|iPhone.Build.0 = Release|Any CPU
		{190303F2-1D57-482A-B42E-B1A737872487}.AppStore|iPhoneSimulator.ActiveCfg = Release|Any CPU
		{190303F2-1D57-482A-B42E-B1A737872487}.AppStore|iPhoneSimulator.Build.0 = Release|Any CPU
		{190303F2-1D57-482A-B42E-B1A737872487}.Debug|Any CPU.ActiveCfg = Debug|Any CPU
		{190303F2-1D57-482A-B42E-B1A737872487}.Debug|Any CPU.Build.0 = Debug|Any CPU
		{190303F2-1D57-482A-B42E-B1A737872487}.Debug|iPhone.ActiveCfg = Debug|Any CPU
		{190303F2-1D57-482A-B42E-B1A737872487}.Debug|iPhone.Build.0 = Debug|Any CPU
		{190303F2-1D57-482A-B42E-B1A737872487}.Debug|iPhoneSimulator.ActiveCfg = Debug|Any CPU
		{190303F2-1D57-482A-B42E-B1A737872487}.Debug|iPhoneSimulator.Build.0 = Debug|Any CPU
		{190303F2-1D57-482A-B42E-B1A737872487}.Release|Any CPU.ActiveCfg = Release|Any CPU
		{190303F2-1D57-482A-B42E-B1A737872487}.Release|Any CPU.Build.0 = Release|Any CPU
		{190303F2-1D57-482A-B42E-B1A737872487}.Release|iPhone.ActiveCfg = Release|Any CPU
		{190303F2-1D57-482A-B42E-B1A737872487}.Release|iPhone.Build.0 = Release|Any CPU
		{190303F2-1D57-482A-B42E-B1A737872487}.Release|iPhoneSimulator.ActiveCfg = Release|Any CPU
		{190303F2-1D57-482A-B42E-B1A737872487}.Release|iPhoneSimulator.Build.0 = Release|Any CPU
	EndGlobalSection
	GlobalSection(SolutionProperties) = preSolution
		HideSolutionNode = FALSE
	EndGlobalSection
EndGlobal
